
Microsoft Visual Studio Solution File, Format Version 12.00
# Visual Studio Version 17
VisualStudioVersion = 17.5.002.0
MinimumVisualStudioVersion = 10.0.40219.1
Project("{9A19103F-16F7-4668-BE54-9A1E7A4F7556}") = "Level52TheFinalBattle", "Level52TheFinalBattle.csproj", "{A90BE0BC-FFDE-43CA-A2A3-31FF54E7A939}"
EndProject
Global
	GlobalSection(SolutionConfigurationPlatforms) = preSolution
		Debug|Any CPU = Debug|Any CPU
		Release|Any CPU = Release|Any CPU
	EndGlobalSection
	GlobalSection(ProjectConfigurationPlatforms) = postSolution
		{A90BE0BC-FFDE-43CA-A2A3-31FF54E7A939}.Debug|Any CPU.ActiveCfg = Debug|Any CPU
		{A90BE0BC-FFDE-43CA-A2A3-31FF54E7A939}.Debug|Any CPU.Build.0 = Debug|Any CPU
		{A90BE0BC-FFDE-43CA-A2A3-31FF54E7A939}.Release|Any CPU.ActiveCfg = Release|Any CPU
		{A90BE0BC-FFDE-43CA-A2A3-31FF54E7A939}.Release|Any CPU.Build.0 = Release|Any CPU
	EndGlobalSection
	GlobalSection(SolutionProperties) = preSolution
		HideSolutionNode = FALSE
	EndGlobalSection
	GlobalSection(ExtensibilityGlobals) = postSolution
		SolutionGuid = {E075719B-657A-4A03-A6A6-FB061BBDA80C}
	EndGlobalSection
EndGlobal
