
Microsoft Visual Studio Solution File, Format Version 12.00
Project("{FAE04EC0-301F-11D3-BF4B-00C04F79EFBC}") = "03-hello-world", "03-hello-world\03-hello-world.csproj", "{3CF0AC10-EC3C-4A55-B240-88B3840E88E1}"
EndProject
Project("{FAE04EC0-301F-11D3-BF4B-00C04F79EFBC}") = "04-comments", "04-comments\04-comments.csproj", "{3AB80482-6EBF-452D-9F65-402EF7A45A21}"
EndProject
Project("{FAE04EC0-301F-11D3-BF4B-00C04F79EFBC}") = "05-variables", "05-variables\05-variables.csproj", "{26BEB823-8438-4EBB-B0C5-D9CC9668D5FE}"
EndProject
Project("{FAE04EC0-301F-11D3-BF4B-00C04F79EFBC}") = "06-type-system", "06-type-system\06-type-system.csproj", "{0D2FEDF5-290A-402E-B841-62E718C148E2}"
EndProject
Project("{FAE04EC0-301F-11D3-BF4B-00C04F79EFBC}") = "07-math", "07-math\07-math.csproj", "{E475566F-DD44-472A-9963-C13C25CD2610}"
EndProject
Project("{FAE04EC0-301F-11D3-BF4B-00C04F79EFBC}") = "08-console-2", "08-console-2\08-console-2.csproj", "{9C18AF06-2F1B-4E01-92DA-B140308379C1}"
EndProject
Project("{FAE04EC0-301F-11D3-BF4B-00C04F79EFBC}") = "09-decision-making", "09-decision-making\09-decision-making.csproj", "{5348D450-1777-487A-8747-41D37F84F0F9}"
EndProject
Project("{FAE04EC0-301F-11D3-BF4B-00C04F79EFBC}") = "10-switches", "10-switches\10-switches.csproj", "{CEA2BD24-9092-43CE-9BD6-41A0FED6AB76}"
EndProject
Project("{FAE04EC0-301F-11D3-BF4B-00C04F79EFBC}") = "11-looping", "11-looping\11-looping.csproj", "{CCC69B29-6EB3-4780-8A72-45A4E63EDCE6}"
EndProject
Project("{FAE04EC0-301F-11D3-BF4B-00C04F79EFBC}") = "12-arrays", "12-arrays\12-arrays.csproj", "{FE15571D-D4AC-49A0-A834-F34A0E2ECEB2}"
EndProject
Project("{FAE04EC0-301F-11D3-BF4B-00C04F79EFBC}") = "13-methods", "13-methods\13-methods.csproj", "{64E23B1C-3E0C-4796-8653-03F962621A01}"
EndProject
Project("{FAE04EC0-301F-11D3-BF4B-00C04F79EFBC}") = "14-memory-management", "14-memory-management\14-memory-management.csproj", "{435218ED-2894-4735-8556-FF66065168D5}"
EndProject
Project("{FAE04EC0-301F-11D3-BF4B-00C04F79EFBC}") = "16-enumerations", "16-enumerations\16-enumerations.csproj", "{BEE21AD7-7078-46A4-8FB4-B1938CAE9FCB}"
EndProject
Project("{FAE04EC0-301F-11D3-BF4B-00C04F79EFBC}") = "17-tuples", "17-tuples\17-tuples.csproj", "{523292D4-D5CD-4325-A0EB-F1021BBBB2C9}"
EndProject
Project("{FAE04EC0-301F-11D3-BF4B-00C04F79EFBC}") = "18-classes", "18-classes\18-classes.csproj", "{1AB35472-8516-4177-9754-67446B1E9B4C}"
EndProject
Project("{FAE04EC0-301F-11D3-BF4B-00C04F79EFBC}") = "19-information-hiding", "19-information-hiding\19-information-hiding.csproj", "{F1D82BF8-FFE0-48E6-83EB-B11F858EDDA5}"
EndProject
Global
	GlobalSection(SolutionConfigurationPlatforms) = preSolution
		Debug|Any CPU = Debug|Any CPU
		Release|Any CPU = Release|Any CPU
	EndGlobalSection
	GlobalSection(ProjectConfigurationPlatforms) = postSolution
		{3CF0AC10-EC3C-4A55-B240-88B3840E88E1}.Debug|Any CPU.ActiveCfg = Debug|Any CPU
		{3CF0AC10-EC3C-4A55-B240-88B3840E88E1}.Debug|Any CPU.Build.0 = Debug|Any CPU
		{3CF0AC10-EC3C-4A55-B240-88B3840E88E1}.Release|Any CPU.ActiveCfg = Release|Any CPU
		{3CF0AC10-EC3C-4A55-B240-88B3840E88E1}.Release|Any CPU.Build.0 = Release|Any CPU
		{3AB80482-6EBF-452D-9F65-402EF7A45A21}.Debug|Any CPU.ActiveCfg = Debug|Any CPU
		{3AB80482-6EBF-452D-9F65-402EF7A45A21}.Debug|Any CPU.Build.0 = Debug|Any CPU
		{3AB80482-6EBF-452D-9F65-402EF7A45A21}.Release|Any CPU.ActiveCfg = Release|Any CPU
		{3AB80482-6EBF-452D-9F65-402EF7A45A21}.Release|Any CPU.Build.0 = Release|Any CPU
		{26BEB823-8438-4EBB-B0C5-D9CC9668D5FE}.Debug|Any CPU.ActiveCfg = Debug|Any CPU
		{26BEB823-8438-4EBB-B0C5-D9CC9668D5FE}.Debug|Any CPU.Build.0 = Debug|Any CPU
		{26BEB823-8438-4EBB-B0C5-D9CC9668D5FE}.Release|Any CPU.ActiveCfg = Release|Any CPU
		{26BEB823-8438-4EBB-B0C5-D9CC9668D5FE}.Release|Any CPU.Build.0 = Release|Any CPU
		{0D2FEDF5-290A-402E-B841-62E718C148E2}.Debug|Any CPU.ActiveCfg = Debug|Any CPU
		{0D2FEDF5-290A-402E-B841-62E718C148E2}.Debug|Any CPU.Build.0 = Debug|Any CPU
		{0D2FEDF5-290A-402E-B841-62E718C148E2}.Release|Any CPU.ActiveCfg = Release|Any CPU
		{0D2FEDF5-290A-402E-B841-62E718C148E2}.Release|Any CPU.Build.0 = Release|Any CPU
		{E475566F-DD44-472A-9963-C13C25CD2610}.Debug|Any CPU.ActiveCfg = Debug|Any CPU
		{E475566F-DD44-472A-9963-C13C25CD2610}.Debug|Any CPU.Build.0 = Debug|Any CPU
		{E475566F-DD44-472A-9963-C13C25CD2610}.Release|Any CPU.ActiveCfg = Release|Any CPU
		{E475566F-DD44-472A-9963-C13C25CD2610}.Release|Any CPU.Build.0 = Release|Any CPU
		{9C18AF06-2F1B-4E01-92DA-B140308379C1}.Debug|Any CPU.ActiveCfg = Debug|Any CPU
		{9C18AF06-2F1B-4E01-92DA-B140308379C1}.Debug|Any CPU.Build.0 = Debug|Any CPU
		{9C18AF06-2F1B-4E01-92DA-B140308379C1}.Release|Any CPU.ActiveCfg = Release|Any CPU
		{9C18AF06-2F1B-4E01-92DA-B140308379C1}.Release|Any CPU.Build.0 = Release|Any CPU
		{5348D450-1777-487A-8747-41D37F84F0F9}.Debug|Any CPU.ActiveCfg = Debug|Any CPU
		{5348D450-1777-487A-8747-41D37F84F0F9}.Debug|Any CPU.Build.0 = Debug|Any CPU
		{5348D450-1777-487A-8747-41D37F84F0F9}.Release|Any CPU.ActiveCfg = Release|Any CPU
		{5348D450-1777-487A-8747-41D37F84F0F9}.Release|Any CPU.Build.0 = Release|Any CPU
		{CEA2BD24-9092-43CE-9BD6-41A0FED6AB76}.Debug|Any CPU.ActiveCfg = Debug|Any CPU
		{CEA2BD24-9092-43CE-9BD6-41A0FED6AB76}.Debug|Any CPU.Build.0 = Debug|Any CPU
		{CEA2BD24-9092-43CE-9BD6-41A0FED6AB76}.Release|Any CPU.ActiveCfg = Release|Any CPU
		{CEA2BD24-9092-43CE-9BD6-41A0FED6AB76}.Release|Any CPU.Build.0 = Release|Any CPU
		{CCC69B29-6EB3-4780-8A72-45A4E63EDCE6}.Debug|Any CPU.ActiveCfg = Debug|Any CPU
		{CCC69B29-6EB3-4780-8A72-45A4E63EDCE6}.Debug|Any CPU.Build.0 = Debug|Any CPU
		{CCC69B29-6EB3-4780-8A72-45A4E63EDCE6}.Release|Any CPU.ActiveCfg = Release|Any CPU
		{CCC69B29-6EB3-4780-8A72-45A4E63EDCE6}.Release|Any CPU.Build.0 = Release|Any CPU
		{FE15571D-D4AC-49A0-A834-F34A0E2ECEB2}.Debug|Any CPU.ActiveCfg = Debug|Any CPU
		{FE15571D-D4AC-49A0-A834-F34A0E2ECEB2}.Debug|Any CPU.Build.0 = Debug|Any CPU
		{FE15571D-D4AC-49A0-A834-F34A0E2ECEB2}.Release|Any CPU.ActiveCfg = Release|Any CPU
		{FE15571D-D4AC-49A0-A834-F34A0E2ECEB2}.Release|Any CPU.Build.0 = Release|Any CPU
		{64E23B1C-3E0C-4796-8653-03F962621A01}.Debug|Any CPU.ActiveCfg = Debug|Any CPU
		{64E23B1C-3E0C-4796-8653-03F962621A01}.Debug|Any CPU.Build.0 = Debug|Any CPU
		{64E23B1C-3E0C-4796-8653-03F962621A01}.Release|Any CPU.ActiveCfg = Release|Any CPU
		{64E23B1C-3E0C-4796-8653-03F962621A01}.Release|Any CPU.Build.0 = Release|Any CPU
		{435218ED-2894-4735-8556-FF66065168D5}.Debug|Any CPU.ActiveCfg = Debug|Any CPU
		{435218ED-2894-4735-8556-FF66065168D5}.Debug|Any CPU.Build.0 = Debug|Any CPU
		{435218ED-2894-4735-8556-FF66065168D5}.Release|Any CPU.ActiveCfg = Release|Any CPU
		{435218ED-2894-4735-8556-FF66065168D5}.Release|Any CPU.Build.0 = Release|Any CPU
		{BEE21AD7-7078-46A4-8FB4-B1938CAE9FCB}.Debug|Any CPU.ActiveCfg = Debug|Any CPU
		{BEE21AD7-7078-46A4-8FB4-B1938CAE9FCB}.Debug|Any CPU.Build.0 = Debug|Any CPU
		{BEE21AD7-7078-46A4-8FB4-B1938CAE9FCB}.Release|Any CPU.ActiveCfg = Release|Any CPU
		{BEE21AD7-7078-46A4-8FB4-B1938CAE9FCB}.Release|Any CPU.Build.0 = Release|Any CPU
		{523292D4-D5CD-4325-A0EB-F1021BBBB2C9}.Debug|Any CPU.ActiveCfg = Debug|Any CPU
		{523292D4-D5CD-4325-A0EB-F1021BBBB2C9}.Debug|Any CPU.Build.0 = Debug|Any CPU
		{523292D4-D5CD-4325-A0EB-F1021BBBB2C9}.Release|Any CPU.ActiveCfg = Release|Any CPU
		{523292D4-D5CD-4325-A0EB-F1021BBBB2C9}.Release|Any CPU.Build.0 = Release|Any CPU
		{1AB35472-8516-4177-9754-67446B1E9B4C}.Debug|Any CPU.ActiveCfg = Debug|Any CPU
		{1AB35472-8516-4177-9754-67446B1E9B4C}.Debug|Any CPU.Build.0 = Debug|Any CPU
		{1AB35472-8516-4177-9754-67446B1E9B4C}.Release|Any CPU.ActiveCfg = Release|Any CPU
		{1AB35472-8516-4177-9754-67446B1E9B4C}.Release|Any CPU.Build.0 = Release|Any CPU
		{F1D82BF8-FFE0-48E6-83EB-B11F858EDDA5}.Debug|Any CPU.ActiveCfg = Debug|Any CPU
		{F1D82BF8-FFE0-48E6-83EB-B11F858EDDA5}.Debug|Any CPU.Build.0 = Debug|Any CPU
		{F1D82BF8-FFE0-48E6-83EB-B11F858EDDA5}.Release|Any CPU.ActiveCfg = Release|Any CPU
		{F1D82BF8-FFE0-48E6-83EB-B11F858EDDA5}.Release|Any CPU.Build.0 = Release|Any CPU
	EndGlobalSection
EndGlobal
